<?xml version="1.0" encoding="utf-8"?>
<Project ToolsVersion="4.0" xmls="http://schemas.microsoft.com/developer/msbuild/2003">
  <ItemGroup>
    <ClCompile Include="Sources\dllmain.cc">
      <Filter>Source Files</Filter>
    </ClCompile>
    <ClCompile Include="Sources\logging.cc">
      <Filter>Source Files</Filter>
    </ClCompile>
    <ClCompile Include="Sources\swift_installer.cc">
      <Filter>Source Files</Filter>
    </ClCompile>
  </ItemGroup>

  <ItemGroup>
    <ClInclude Include="Headers\logging.hh">
      <Filter>Header Files</Filter>
    </ClInclude>
    <ClInclude Include="Headers\scoped_raii.hh">
      <Filter>Header Files</Filter>
    </ClInclude>
    <ClInclude Include="Headers\swift_installer.hh">
      <Filter>Header Files</Filter>
    </ClInclude>
  </ItemGroup>

  <ItemGroup>
    <ClInclude Include="ThirdParty\Microsoft.VisualStudio.Setup.Configuration.Native\inc\Setup.Configuration.h">
      <Filter>Header Files</Filter>
    </ClInclude>
  </ItemGroup>

  <ItemGroup>
    <Filter Include="Header Files">
      <UniqueIdentifier>{485df023-ca0b-4390-b9e5-bb574625ac42}</UniqueIdentifier>
      <Extensions>h;hh</Extensions>
    </Filter>
    <Filter Include="Source Files">
      <UniqueIdentifier>{b2fa78cd-13ff-4b88-9e63-112e1ac92329}</UniqueIdentifier>
      <Extensions>cc</Extensions>
    </Filter>
  </ItemGroup>
</Project>
